
Microsoft Visual Studio Solution File, Format Version 12.00
# Visual Studio 15
VisualStudioVersion = 15.0.28307.1525
MinimumVisualStudioVersion = 10.0.40219.1
Project("{FAE04EC0-301F-11D3-BF4B-00C04F79EFBC}") = "ThinkBridge_ShopBridge", "ThinkBridge_ShopBridge\ThinkBridge_ShopBridge.csproj", "{D10FACA4-C082-4965-A22C-5F875B40AB82}"
EndProject
Global
	GlobalSection(SolutionConfigurationPlatforms) = preSolution
		Debug|Any CPU = Debug|Any CPU
		Release|Any CPU = Release|Any CPU
	EndGlobalSection
	GlobalSection(ProjectConfigurationPlatforms) = postSolution
		{D10FACA4-C082-4965-A22C-5F875B40AB82}.Debug|Any CPU.ActiveCfg = Debug|Any CPU
		{D10FACA4-C082-4965-A22C-5F875B40AB82}.Debug|Any CPU.Build.0 = Debug|Any CPU
		{D10FACA4-C082-4965-A22C-5F875B40AB82}.Release|Any CPU.ActiveCfg = Release|Any CPU
		{D10FACA4-C082-4965-A22C-5F875B40AB82}.Release|Any CPU.Build.0 = Release|Any CPU
	EndGlobalSection
	GlobalSection(SolutionProperties) = preSolution
		HideSolutionNode = FALSE
	EndGlobalSection
	GlobalSection(ExtensibilityGlobals) = postSolution
		SolutionGuid = {26A6D17E-E92C-4576-87D8-A87EBA702339}
	EndGlobalSection
EndGlobal
